
Microsoft Visual Studio Solution File, Format Version 12.00
# Visual Studio Version 16
VisualStudioVersion = 16.0.29709.97
MinimumVisualStudioVersion = 10.0.40219.1
Project("{FAE04EC0-301F-11D3-BF4B-00C04F79EFBC}") = "Macropad Customisation GUI", "Macropad Customisation GUI.csproj", "{51AD5361-2086-4104-8B9F-AB5ABC8DBD13}"
EndProject
Global
	GlobalSection(SolutionConfigurationPlatforms) = preSolution
		Debug|Any CPU = Debug|Any CPU
		Release|Any CPU = Release|Any CPU
	EndGlobalSection
	GlobalSection(ProjectConfigurationPlatforms) = postSolution
		{51AD5361-2086-4104-8B9F-AB5ABC8DBD13}.Debug|Any CPU.ActiveCfg = Debug|Any CPU
		{51AD5361-2086-4104-8B9F-AB5ABC8DBD13}.Debug|Any CPU.Build.0 = Debug|Any CPU
		{51AD5361-2086-4104-8B9F-AB5ABC8DBD13}.Release|Any CPU.ActiveCfg = Release|Any CPU
		{51AD5361-2086-4104-8B9F-AB5ABC8DBD13}.Release|Any CPU.Build.0 = Release|Any CPU
	EndGlobalSection
	GlobalSection(SolutionProperties) = preSolution
		HideSolutionNode = FALSE
	EndGlobalSection
	GlobalSection(ExtensibilityGlobals) = postSolution
		SolutionGuid = {C82972B0-151F-4B61-96FA-337D45DEE33C}
	EndGlobalSection
EndGlobal
